# This file was autogenerated by Stack.
# You should not edit this file by hand.
# For more information, please see the documentation at:
#   https://docs.haskellstack.org/en/stable/lock_files

packages:
- completed:
    hackage: tidal-1.7.2@sha256:cc9f040d71d1286029f18d9ef9f718e7aa1b88b7628c5fd8779aedb5bfca3fd8,4093
    pantry-tree:
      size: 3152
      sha256: 64bf334375173d6ea53f008f8538915c8b8ee4a33b2949bac2bb5cd934ae44cb
  original:
    hackage: tidal-1.7.2
snapshots:
- completed:
    size: 494984
    url: https://raw.githubusercontent.com/commercialhaskell/stackage-snapshots/master/lts/13/4.yaml
    sha256: ba80f9f1f517b9c79a3f32944558fa29837a152eae8dcd0891317338920c2ed8
  original: lts-13.4
