# This file was autogenerated by Stack.
# You should not edit this file by hand.
# For more information, please see the documentation at:
#   https://docs.haskellstack.org/en/stable/lock_files

packages:
- completed:
    hackage: tidal-1.1.2@sha256:ec0e826c7e2fb18442151ffb4ef3443e3bc889fe80e1349dc762fe160b62de26,3532
    pantry-tree:
      size: 2743
      sha256: 08eb8fc9d76f34f9c1f240569955a52fac14db41191f4bbb10a90f30409b84f0
  original:
    hackage: tidal-1.1.2
snapshots:
- completed:
    size: 494984
    url: https://raw.githubusercontent.com/commercialhaskell/stackage-snapshots/master/lts/13/4.yaml
    sha256: ba80f9f1f517b9c79a3f32944558fa29837a152eae8dcd0891317338920c2ed8
  original: lts-13.4
